
Microsoft Visual Studio Solution File, Format Version 12.00
# Visual Studio Version 17
VisualStudioVersion = 17.11.35219.272
MinimumVisualStudioVersion = 10.0.40219.1
Project("{9A19103F-16F7-4668-BE54-9A1E7A4F7556}") = "Client", "ModuleChat\Client.csproj", "{C1A388F6-15E7-47D8-80A9-BFE702635172}"
EndProject
Project("{9A19103F-16F7-4668-BE54-9A1E7A4F7556}") = "Network", "..\SoftwareEngineering2024-Network\Network\Network.csproj", "{76EE7CC8-C4C2-4158-8A46-F7093D53E314}"
EndProject
Global
	GlobalSection(SolutionConfigurationPlatforms) = preSolution
		Debug|Any CPU = Debug|Any CPU
		Debug|x64 = Debug|x64
		Release|Any CPU = Release|Any CPU
		Release|x64 = Release|x64
	EndGlobalSection
	GlobalSection(ProjectConfigurationPlatforms) = postSolution
		{C1A388F6-15E7-47D8-80A9-BFE702635172}.Debug|Any CPU.ActiveCfg = Debug|Any CPU
		{C1A388F6-15E7-47D8-80A9-BFE702635172}.Debug|Any CPU.Build.0 = Debug|Any CPU
		{C1A388F6-15E7-47D8-80A9-BFE702635172}.Debug|x64.ActiveCfg = Debug|Any CPU
		{C1A388F6-15E7-47D8-80A9-BFE702635172}.Debug|x64.Build.0 = Debug|Any CPU
		{C1A388F6-15E7-47D8-80A9-BFE702635172}.Release|Any CPU.ActiveCfg = Release|Any CPU
		{C1A388F6-15E7-47D8-80A9-BFE702635172}.Release|Any CPU.Build.0 = Release|Any CPU
		{C1A388F6-15E7-47D8-80A9-BFE702635172}.Release|x64.ActiveCfg = Release|Any CPU
		{C1A388F6-15E7-47D8-80A9-BFE702635172}.Release|x64.Build.0 = Release|Any CPU
		{76EE7CC8-C4C2-4158-8A46-F7093D53E314}.Debug|Any CPU.ActiveCfg = Debug|Any CPU
		{76EE7CC8-C4C2-4158-8A46-F7093D53E314}.Debug|Any CPU.Build.0 = Debug|Any CPU
		{76EE7CC8-C4C2-4158-8A46-F7093D53E314}.Debug|x64.ActiveCfg = Debug|x64
		{76EE7CC8-C4C2-4158-8A46-F7093D53E314}.Debug|x64.Build.0 = Debug|x64
		{76EE7CC8-C4C2-4158-8A46-F7093D53E314}.Release|Any CPU.ActiveCfg = Release|Any CPU
		{76EE7CC8-C4C2-4158-8A46-F7093D53E314}.Release|Any CPU.Build.0 = Release|Any CPU
		{76EE7CC8-C4C2-4158-8A46-F7093D53E314}.Release|x64.ActiveCfg = Release|x64
		{76EE7CC8-C4C2-4158-8A46-F7093D53E314}.Release|x64.Build.0 = Release|x64
	EndGlobalSection
	GlobalSection(SolutionProperties) = preSolution
		HideSolutionNode = FALSE
	EndGlobalSection
	GlobalSection(ExtensibilityGlobals) = postSolution
		SolutionGuid = {30A43755-06ED-4AB0-A035-55BE9F64A93C}
	EndGlobalSection
EndGlobal
